{
  "version": 4,
  "terraform_version": "1.2.3",
  "serial": 48,
  "lineage": "e8d67fc9-1714-fad9-c917-524b9aaeaa58",
  "outputs": {},
  "resources": [
    {
      "mode": "managed",
      "type": "azurerm_resource_group",
      "name": "rg",
      "provider": "provider[\"registry.terraform.io/hashicorp/azurerm\"]",
      "instances": [
        {
          "schema_version": 0,
          "attributes": {
            "id": "/subscriptions/ed918697-1291-40f5-ab58-5278c9ab3f2e/resourceGroups/VWan-RG",
            "location": "northeurope",
            "name": "VWan-RG",
            "tags": {},
            "timeouts": null
          },
          "sensitive_attributes": [],
          "private": "eyJlMmJmYjczMC1lY2FhLTExZTYtOGY4OC0zNDM2M2JjN2M0YzAiOnsiY3JlYXRlIjo1NDAwMDAwMDAwMDAwLCJkZWxldGUiOjU0MDAwMDAwMDAwMDAsInJlYWQiOjMwMDAwMDAwMDAwMCwidXBkYXRlIjo1NDAwMDAwMDAwMDAwfX0="
        }
      ]
    },
    {
      "mode": "managed",
      "type": "azurerm_subnet",
      "name": "vnet-1-subnet-1",
      "provider": "provider[\"registry.terraform.io/hashicorp/azurerm\"]",
      "instances": [
        {
          "schema_version": 0,
          "attributes": {
            "address_prefixes": [
              "172.17.0.0/24"
            ],
            "delegation": [],
            "enforce_private_link_endpoint_network_policies": false,
            "enforce_private_link_service_network_policies": false,
            "id": "/subscriptions/ed918697-1291-40f5-ab58-5278c9ab3f2e/resourceGroups/VWan-RG/providers/Microsoft.Network/virtualNetworks/vnet-1/subnets/vnet-1-subnet-1",
            "name": "vnet-1-subnet-1",
            "resource_group_name": "VWan-RG",
            "service_endpoint_policy_ids": null,
            "service_endpoints": null,
            "timeouts": null,
            "virtual_network_name": "vnet-1"
          },
          "sensitive_attributes": [],
          "private": "eyJlMmJmYjczMC1lY2FhLTExZTYtOGY4OC0zNDM2M2JjN2M0YzAiOnsiY3JlYXRlIjoxODAwMDAwMDAwMDAwLCJkZWxldGUiOjE4MDAwMDAwMDAwMDAsInJlYWQiOjMwMDAwMDAwMDAwMCwidXBkYXRlIjoxODAwMDAwMDAwMDAwfX0=",
          "dependencies": [
            "azurerm_virtual_network.vnet-1"
          ]
        }
      ]
    },
    {
      "mode": "managed",
      "type": "azurerm_subnet",
      "name": "vnet-1-subnet-2",
      "provider": "provider[\"registry.terraform.io/hashicorp/azurerm\"]",
      "instances": [
        {
          "schema_version": 0,
          "attributes": {
            "address_prefixes": [
              "172.17.1.0/24"
            ],
            "delegation": [],
            "enforce_private_link_endpoint_network_policies": false,
            "enforce_private_link_service_network_policies": false,
            "id": "/subscriptions/ed918697-1291-40f5-ab58-5278c9ab3f2e/resourceGroups/VWan-RG/providers/Microsoft.Network/virtualNetworks/vnet-1/subnets/vnet-1-subnet-2",
            "name": "vnet-1-subnet-2",
            "resource_group_name": "VWan-RG",
            "service_endpoint_policy_ids": null,
            "service_endpoints": null,
            "timeouts": null,
            "virtual_network_name": "vnet-1"
          },
          "sensitive_attributes": [],
          "private": "eyJlMmJmYjczMC1lY2FhLTExZTYtOGY4OC0zNDM2M2JjN2M0YzAiOnsiY3JlYXRlIjoxODAwMDAwMDAwMDAwLCJkZWxldGUiOjE4MDAwMDAwMDAwMDAsInJlYWQiOjMwMDAwMDAwMDAwMCwidXBkYXRlIjoxODAwMDAwMDAwMDAwfX0=",
          "dependencies": [
            "azurerm_virtual_network.vnet-1"
          ]
        }
      ]
    },
    {
      "mode": "managed",
      "type": "azurerm_subnet",
      "name": "vnet-2-subnet-1",
      "provider": "provider[\"registry.terraform.io/hashicorp/azurerm\"]",
      "instances": [
        {
          "schema_version": 0,
          "attributes": {
            "address_prefixes": [
              "172.17.4.0/24"
            ],
            "delegation": [],
            "enforce_private_link_endpoint_network_policies": false,
            "enforce_private_link_service_network_policies": false,
            "id": "/subscriptions/ed918697-1291-40f5-ab58-5278c9ab3f2e/resourceGroups/VWan-RG/providers/Microsoft.Network/virtualNetworks/vnet-2/subnets/vnet-2-subnet-1",
            "name": "vnet-2-subnet-1",
            "resource_group_name": "VWan-RG",
            "service_endpoint_policy_ids": null,
            "service_endpoints": null,
            "timeouts": null,
            "virtual_network_name": "vnet-2"
          },
          "sensitive_attributes": [],
          "private": "eyJlMmJmYjczMC1lY2FhLTExZTYtOGY4OC0zNDM2M2JjN2M0YzAiOnsiY3JlYXRlIjoxODAwMDAwMDAwMDAwLCJkZWxldGUiOjE4MDAwMDAwMDAwMDAsInJlYWQiOjMwMDAwMDAwMDAwMCwidXBkYXRlIjoxODAwMDAwMDAwMDAwfX0=",
          "dependencies": [
            "azurerm_virtual_network.vnet-2"
          ]
        }
      ]
    },
    {
      "mode": "managed",
      "type": "azurerm_subnet",
      "name": "vnet-2-subnet-2",
      "provider": "provider[\"registry.terraform.io/hashicorp/azurerm\"]",
      "instances": [
        {
          "schema_version": 0,
          "attributes": {
            "address_prefixes": [
              "172.17.5.0/24"
            ],
            "delegation": [],
            "enforce_private_link_endpoint_network_policies": false,
            "enforce_private_link_service_network_policies": false,
            "id": "/subscriptions/ed918697-1291-40f5-ab58-5278c9ab3f2e/resourceGroups/VWan-RG/providers/Microsoft.Network/virtualNetworks/vnet-2/subnets/vnet-2-subnet-2",
            "name": "vnet-2-subnet-2",
            "resource_group_name": "VWan-RG",
            "service_endpoint_policy_ids": null,
            "service_endpoints": null,
            "timeouts": null,
            "virtual_network_name": "vnet-2"
          },
          "sensitive_attributes": [],
          "private": "eyJlMmJmYjczMC1lY2FhLTExZTYtOGY4OC0zNDM2M2JjN2M0YzAiOnsiY3JlYXRlIjoxODAwMDAwMDAwMDAwLCJkZWxldGUiOjE4MDAwMDAwMDAwMDAsInJlYWQiOjMwMDAwMDAwMDAwMCwidXBkYXRlIjoxODAwMDAwMDAwMDAwfX0=",
          "dependencies": [
            "azurerm_virtual_network.vnet-2"
          ]
        }
      ]
    },
    {
      "mode": "managed",
      "type": "azurerm_subnet",
      "name": "vnet-3-subnet-1",
      "provider": "provider[\"registry.terraform.io/hashicorp/azurerm\"]",
      "instances": [
        {
          "schema_version": 0,
          "attributes": {
            "address_prefixes": [
              "172.17.8.0/24"
            ],
            "delegation": [],
            "enforce_private_link_endpoint_network_policies": false,
            "enforce_private_link_service_network_policies": false,
            "id": "/subscriptions/ed918697-1291-40f5-ab58-5278c9ab3f2e/resourceGroups/VWan-RG/providers/Microsoft.Network/virtualNetworks/vnet-3/subnets/vnet-3-subnet-1",
            "name": "vnet-3-subnet-1",
            "resource_group_name": "VWan-RG",
            "service_endpoint_policy_ids": null,
            "service_endpoints": null,
            "timeouts": null,
            "virtual_network_name": "vnet-3"
          },
          "sensitive_attributes": [],
          "private": "eyJlMmJmYjczMC1lY2FhLTExZTYtOGY4OC0zNDM2M2JjN2M0YzAiOnsiY3JlYXRlIjoxODAwMDAwMDAwMDAwLCJkZWxldGUiOjE4MDAwMDAwMDAwMDAsInJlYWQiOjMwMDAwMDAwMDAwMCwidXBkYXRlIjoxODAwMDAwMDAwMDAwfX0=",
          "dependencies": [
            "azurerm_virtual_network.vnet-3"
          ]
        }
      ]
    },
    {
      "mode": "managed",
      "type": "azurerm_subnet",
      "name": "vnet-4-subnet-1",
      "provider": "provider[\"registry.terraform.io/hashicorp/azurerm\"]",
      "instances": [
        {
          "schema_version": 0,
          "attributes": {
            "address_prefixes": [
              "172.17.252.0/24"
            ],
            "delegation": [],
            "enforce_private_link_endpoint_network_policies": false,
            "enforce_private_link_service_network_policies": false,
            "id": "/subscriptions/ed918697-1291-40f5-ab58-5278c9ab3f2e/resourceGroups/VWan-RG/providers/Microsoft.Network/virtualNetworks/vnet-4/subnets/vnet-4-subnet-1",
            "name": "vnet-4-subnet-1",
            "resource_group_name": "VWan-RG",
            "service_endpoint_policy_ids": null,
            "service_endpoints": null,
            "timeouts": null,
            "virtual_network_name": "vnet-4"
          },
          "sensitive_attributes": [],
          "private": "eyJlMmJmYjczMC1lY2FhLTExZTYtOGY4OC0zNDM2M2JjN2M0YzAiOnsiY3JlYXRlIjoxODAwMDAwMDAwMDAwLCJkZWxldGUiOjE4MDAwMDAwMDAwMDAsInJlYWQiOjMwMDAwMDAwMDAwMCwidXBkYXRlIjoxODAwMDAwMDAwMDAwfX0=",
          "dependencies": [
            "azurerm_virtual_network.vnet-4"
          ]
        }
      ]
    },
    {
      "mode": "managed",
      "type": "azurerm_virtual_hub",
      "name": "HUB-NorthEurope",
      "provider": "provider[\"registry.terraform.io/hashicorp/azurerm\"]",
      "instances": [
        {
          "schema_version": 0,
          "attributes": {
            "address_prefix": "10.1.0.0/24",
            "default_route_table_id": "/subscriptions/ed918697-1291-40f5-ab58-5278c9ab3f2e/resourceGroups/VWan-RG/providers/Microsoft.Network/virtualHubs/HUB-NorthEurope/hubRouteTables/defaultRouteTable",
            "id": "/subscriptions/ed918697-1291-40f5-ab58-5278c9ab3f2e/resourceGroups/VWan-RG/providers/Microsoft.Network/virtualHubs/HUB-NorthEurope",
            "location": "northeurope",
            "name": "HUB-NorthEurope",
            "resource_group_name": "VWan-RG",
            "route": [],
            "sku": "",
            "tags": {
              "deployment": "terraform",
              "environment": "vwan-demo"
            },
            "timeouts": null,
            "virtual_router_asn": 65515,
            "virtual_router_ips": [
              "10.1.0.68",
              "10.1.0.69"
            ],
            "virtual_wan_id": "/subscriptions/ed918697-1291-40f5-ab58-5278c9ab3f2e/resourceGroups/VWan-RG/providers/Microsoft.Network/virtualWans/vwan"
          },
          "sensitive_attributes": [],
          "private": "eyJlMmJmYjczMC1lY2FhLTExZTYtOGY4OC0zNDM2M2JjN2M0YzAiOnsiY3JlYXRlIjozNjAwMDAwMDAwMDAwLCJkZWxldGUiOjM2MDAwMDAwMDAwMDAsInJlYWQiOjMwMDAwMDAwMDAwMCwidXBkYXRlIjozNjAwMDAwMDAwMDAwfX0=",
          "dependencies": [
            "azurerm_virtual_wan.vwan-demo"
          ]
        }
      ]
    },
    {
      "mode": "managed",
      "type": "azurerm_virtual_hub",
      "name": "HUB-WestEurope",
      "provider": "provider[\"registry.terraform.io/hashicorp/azurerm\"]",
      "instances": [
        {
          "schema_version": 0,
          "attributes": {
            "address_prefix": "10.0.0.0/24",
            "default_route_table_id": "/subscriptions/ed918697-1291-40f5-ab58-5278c9ab3f2e/resourceGroups/VWan-RG/providers/Microsoft.Network/virtualHubs/HUB-WestEurope/hubRouteTables/defaultRouteTable",
            "id": "/subscriptions/ed918697-1291-40f5-ab58-5278c9ab3f2e/resourceGroups/VWan-RG/providers/Microsoft.Network/virtualHubs/HUB-WestEurope",
            "location": "westeurope",
            "name": "HUB-WestEurope",
            "resource_group_name": "VWan-RG",
            "route": [],
            "sku": "",
            "tags": {
              "deployment": "terraform",
              "environment": "vwan-demo"
            },
            "timeouts": null,
            "virtual_router_asn": 65515,
            "virtual_router_ips": [
              "10.0.0.69",
              "10.0.0.68"
            ],
            "virtual_wan_id": "/subscriptions/ed918697-1291-40f5-ab58-5278c9ab3f2e/resourceGroups/VWan-RG/providers/Microsoft.Network/virtualWans/vwan"
          },
          "sensitive_attributes": [],
          "private": "eyJlMmJmYjczMC1lY2FhLTExZTYtOGY4OC0zNDM2M2JjN2M0YzAiOnsiY3JlYXRlIjozNjAwMDAwMDAwMDAwLCJkZWxldGUiOjM2MDAwMDAwMDAwMDAsInJlYWQiOjMwMDAwMDAwMDAwMCwidXBkYXRlIjozNjAwMDAwMDAwMDAwfX0=",
          "dependencies": [
            "azurerm_virtual_wan.vwan-demo"
          ]
        }
      ]
    },
    {
      "mode": "managed",
      "type": "azurerm_virtual_hub_connection",
      "name": "vnet-1-westeurope-hub",
      "provider": "provider[\"registry.terraform.io/hashicorp/azurerm\"]",
      "instances": [
        {
          "schema_version": 0,
          "attributes": {
            "id": "/subscriptions/ed918697-1291-40f5-ab58-5278c9ab3f2e/resourceGroups/VWan-RG/providers/Microsoft.Network/virtualHubs/HUB-WestEurope/hubVirtualNetworkConnections/vnet-1-westeurope-hub",
            "internet_security_enabled": false,
            "name": "vnet-1-westeurope-hub",
            "remote_virtual_network_id": "/subscriptions/ed918697-1291-40f5-ab58-5278c9ab3f2e/resourceGroups/VWan-RG/providers/Microsoft.Network/virtualNetworks/vnet-1",
            "routing": [
              {
                "associated_route_table_id": "/subscriptions/ed918697-1291-40f5-ab58-5278c9ab3f2e/resourceGroups/VWan-RG/providers/Microsoft.Network/virtualHubs/HUB-WestEurope/hubRouteTables/defaultRouteTable",
                "propagated_route_table": [
                  {
                    "labels": [
                      "default"
                    ],
                    "route_table_ids": [
                      "/subscriptions/ed918697-1291-40f5-ab58-5278c9ab3f2e/resourceGroups/VWan-RG/providers/Microsoft.Network/virtualHubs/HUB-WestEurope/hubRouteTables/defaultRouteTable"
                    ]
                  }
                ],
                "static_vnet_route": []
              }
            ],
            "timeouts": null,
            "virtual_hub_id": "/subscriptions/ed918697-1291-40f5-ab58-5278c9ab3f2e/resourceGroups/VWan-RG/providers/Microsoft.Network/virtualHubs/HUB-WestEurope"
          },
          "sensitive_attributes": [],
          "private": "eyJlMmJmYjczMC1lY2FhLTExZTYtOGY4OC0zNDM2M2JjN2M0YzAiOnsiY3JlYXRlIjozNjAwMDAwMDAwMDAwLCJkZWxldGUiOjM2MDAwMDAwMDAwMDAsInJlYWQiOjMwMDAwMDAwMDAwMCwidXBkYXRlIjozNjAwMDAwMDAwMDAwfX0=",
          "dependencies": [
            "azurerm_virtual_hub.HUB-WestEurope",
            "azurerm_virtual_network.vnet-1",
            "azurerm_virtual_wan.vwan-demo"
          ]
        }
      ]
    },
    {
      "mode": "managed",
      "type": "azurerm_virtual_hub_connection",
      "name": "vnet-2-northeurope-hub",
      "provider": "provider[\"registry.terraform.io/hashicorp/azurerm\"]",
      "instances": [
        {
          "schema_version": 0,
          "attributes": {
            "id": "/subscriptions/ed918697-1291-40f5-ab58-5278c9ab3f2e/resourceGroups/VWan-RG/providers/Microsoft.Network/virtualHubs/HUB-NorthEurope/hubVirtualNetworkConnections/vnet-2-northeurope-hub",
            "internet_security_enabled": false,
            "name": "vnet-2-northeurope-hub",
            "remote_virtual_network_id": "/subscriptions/ed918697-1291-40f5-ab58-5278c9ab3f2e/resourceGroups/VWan-RG/providers/Microsoft.Network/virtualNetworks/vnet-2",
            "routing": [
              {
                "associated_route_table_id": "/subscriptions/ed918697-1291-40f5-ab58-5278c9ab3f2e/resourceGroups/VWan-RG/providers/Microsoft.Network/virtualHubs/HUB-NorthEurope/hubRouteTables/defaultRouteTable",
                "propagated_route_table": [
                  {
                    "labels": [
                      "default"
                    ],
                    "route_table_ids": [
                      "/subscriptions/ed918697-1291-40f5-ab58-5278c9ab3f2e/resourceGroups/VWan-RG/providers/Microsoft.Network/virtualHubs/HUB-NorthEurope/hubRouteTables/defaultRouteTable"
                    ]
                  }
                ],
                "static_vnet_route": []
              }
            ],
            "timeouts": null,
            "virtual_hub_id": "/subscriptions/ed918697-1291-40f5-ab58-5278c9ab3f2e/resourceGroups/VWan-RG/providers/Microsoft.Network/virtualHubs/HUB-NorthEurope"
          },
          "sensitive_attributes": [],
          "private": "eyJlMmJmYjczMC1lY2FhLTExZTYtOGY4OC0zNDM2M2JjN2M0YzAiOnsiY3JlYXRlIjozNjAwMDAwMDAwMDAwLCJkZWxldGUiOjM2MDAwMDAwMDAwMDAsInJlYWQiOjMwMDAwMDAwMDAwMCwidXBkYXRlIjozNjAwMDAwMDAwMDAwfX0=",
          "dependencies": [
            "azurerm_virtual_hub.HUB-NorthEurope",
            "azurerm_virtual_network.vnet-2",
            "azurerm_virtual_wan.vwan-demo"
          ]
        }
      ]
    },
    {
      "mode": "managed",
      "type": "azurerm_virtual_hub_connection",
      "name": "vnet-3-westeurope-hub",
      "provider": "provider[\"registry.terraform.io/hashicorp/azurerm\"]",
      "instances": [
        {
          "schema_version": 0,
          "attributes": {
            "id": "/subscriptions/ed918697-1291-40f5-ab58-5278c9ab3f2e/resourceGroups/VWan-RG/providers/Microsoft.Network/virtualHubs/HUB-WestEurope/hubVirtualNetworkConnections/vnet-3-westeurope-hub",
            "internet_security_enabled": false,
            "name": "vnet-3-westeurope-hub",
            "remote_virtual_network_id": "/subscriptions/ed918697-1291-40f5-ab58-5278c9ab3f2e/resourceGroups/VWan-RG/providers/Microsoft.Network/virtualNetworks/vnet-3",
            "routing": [
              {
                "associated_route_table_id": "/subscriptions/ed918697-1291-40f5-ab58-5278c9ab3f2e/resourceGroups/VWan-RG/providers/Microsoft.Network/virtualHubs/HUB-WestEurope/hubRouteTables/defaultRouteTable",
                "propagated_route_table": [
                  {
                    "labels": [
                      "default"
                    ],
                    "route_table_ids": [
                      "/subscriptions/ed918697-1291-40f5-ab58-5278c9ab3f2e/resourceGroups/VWan-RG/providers/Microsoft.Network/virtualHubs/HUB-WestEurope/hubRouteTables/defaultRouteTable"
                    ]
                  }
                ],
                "static_vnet_route": []
              }
            ],
            "timeouts": null,
            "virtual_hub_id": "/subscriptions/ed918697-1291-40f5-ab58-5278c9ab3f2e/resourceGroups/VWan-RG/providers/Microsoft.Network/virtualHubs/HUB-WestEurope"
          },
          "sensitive_attributes": [],
          "private": "eyJlMmJmYjczMC1lY2FhLTExZTYtOGY4OC0zNDM2M2JjN2M0YzAiOnsiY3JlYXRlIjozNjAwMDAwMDAwMDAwLCJkZWxldGUiOjM2MDAwMDAwMDAwMDAsInJlYWQiOjMwMDAwMDAwMDAwMCwidXBkYXRlIjozNjAwMDAwMDAwMDAwfX0=",
          "dependencies": [
            "azurerm_virtual_hub.HUB-WestEurope",
            "azurerm_virtual_network.vnet-3",
            "azurerm_virtual_wan.vwan-demo"
          ]
        }
      ]
    },
    {
      "mode": "managed",
      "type": "azurerm_virtual_hub_connection",
      "name": "vnet-isolated-westeurope-hub",
      "provider": "provider[\"registry.terraform.io/hashicorp/azurerm\"]",
      "instances": [
        {
          "schema_version": 0,
          "attributes": {
            "id": "/subscriptions/ed918697-1291-40f5-ab58-5278c9ab3f2e/resourceGroups/VWan-RG/providers/Microsoft.Network/virtualHubs/HUB-WestEurope/hubVirtualNetworkConnections/vnet-isolated-westeurope-hub",
            "internet_security_enabled": false,
            "name": "vnet-isolated-westeurope-hub",
            "remote_virtual_network_id": "/subscriptions/ed918697-1291-40f5-ab58-5278c9ab3f2e/resourceGroups/VWan-RG/providers/Microsoft.Network/virtualNetworks/vnet-isolated",
            "routing": [
              {
                "associated_route_table_id": "/subscriptions/ed918697-1291-40f5-ab58-5278c9ab3f2e/resourceGroups/VWan-RG/providers/Microsoft.Network/virtualHubs/HUB-WestEurope/hubRouteTables/defaultRouteTable",
                "propagated_route_table": [
                  {
                    "labels": [
                      "default"
                    ],
                    "route_table_ids": [
                      "/subscriptions/ed918697-1291-40f5-ab58-5278c9ab3f2e/resourceGroups/VWan-RG/providers/Microsoft.Network/virtualHubs/HUB-WestEurope/hubRouteTables/defaultRouteTable"
                    ]
                  }
                ],
                "static_vnet_route": []
              }
            ],
            "timeouts": null,
            "virtual_hub_id": "/subscriptions/ed918697-1291-40f5-ab58-5278c9ab3f2e/resourceGroups/VWan-RG/providers/Microsoft.Network/virtualHubs/HUB-WestEurope"
          },
          "sensitive_attributes": [],
          "private": "eyJlMmJmYjczMC1lY2FhLTExZTYtOGY4OC0zNDM2M2JjN2M0YzAiOnsiY3JlYXRlIjozNjAwMDAwMDAwMDAwLCJkZWxldGUiOjM2MDAwMDAwMDAwMDAsInJlYWQiOjMwMDAwMDAwMDAwMCwidXBkYXRlIjozNjAwMDAwMDAwMDAwfX0=",
          "dependencies": [
            "azurerm_virtual_hub.HUB-WestEurope",
            "azurerm_virtual_network.vnet-isolated",
            "azurerm_virtual_wan.vwan-demo"
          ]
        }
      ]
    },
    {
      "mode": "managed",
      "type": "azurerm_virtual_hub_connection",
      "name": "vnet-shared-westeurope-hub",
      "provider": "provider[\"registry.terraform.io/hashicorp/azurerm\"]",
      "instances": [
        {
          "schema_version": 0,
          "attributes": {
            "id": "/subscriptions/ed918697-1291-40f5-ab58-5278c9ab3f2e/resourceGroups/VWan-RG/providers/Microsoft.Network/virtualHubs/HUB-WestEurope/hubVirtualNetworkConnections/vnet-shared-westeurope-hub",
            "internet_security_enabled": false,
            "name": "vnet-shared-westeurope-hub",
            "remote_virtual_network_id": "/subscriptions/ed918697-1291-40f5-ab58-5278c9ab3f2e/resourceGroups/VWan-RG/providers/Microsoft.Network/virtualNetworks/vnet-shared",
            "routing": [
              {
                "associated_route_table_id": "/subscriptions/ed918697-1291-40f5-ab58-5278c9ab3f2e/resourceGroups/VWan-RG/providers/Microsoft.Network/virtualHubs/HUB-WestEurope/hubRouteTables/defaultRouteTable",
                "propagated_route_table": [
                  {
                    "labels": [
                      "default"
                    ],
                    "route_table_ids": [
                      "/subscriptions/ed918697-1291-40f5-ab58-5278c9ab3f2e/resourceGroups/VWan-RG/providers/Microsoft.Network/virtualHubs/HUB-WestEurope/hubRouteTables/defaultRouteTable"
                    ]
                  }
                ],
                "static_vnet_route": []
              }
            ],
            "timeouts": null,
            "virtual_hub_id": "/subscriptions/ed918697-1291-40f5-ab58-5278c9ab3f2e/resourceGroups/VWan-RG/providers/Microsoft.Network/virtualHubs/HUB-WestEurope"
          },
          "sensitive_attributes": [],
          "private": "eyJlMmJmYjczMC1lY2FhLTExZTYtOGY4OC0zNDM2M2JjN2M0YzAiOnsiY3JlYXRlIjozNjAwMDAwMDAwMDAwLCJkZWxldGUiOjM2MDAwMDAwMDAwMDAsInJlYWQiOjMwMDAwMDAwMDAwMCwidXBkYXRlIjozNjAwMDAwMDAwMDAwfX0=",
          "dependencies": [
            "azurerm_virtual_hub.HUB-WestEurope",
            "azurerm_virtual_network.vnet-shared",
            "azurerm_virtual_wan.vwan-demo"
          ]
        }
      ]
    },
    {
      "mode": "managed",
      "type": "azurerm_virtual_network",
      "name": "vnet-1",
      "provider": "provider[\"registry.terraform.io/hashicorp/azurerm\"]",
      "instances": [
        {
          "schema_version": 0,
          "attributes": {
            "address_space": [
              "172.17.0.0/22"
            ],
            "bgp_community": "",
            "ddos_protection_plan": [],
            "dns_servers": [],
            "edge_zone": "",
            "flow_timeout_in_minutes": 0,
            "guid": "f73a106e-3716-4421-a0b1-f5b573c3464c",
            "id": "/subscriptions/ed918697-1291-40f5-ab58-5278c9ab3f2e/resourceGroups/VWan-RG/providers/Microsoft.Network/virtualNetworks/vnet-1",
            "location": "northeurope",
            "name": "vnet-1",
            "resource_group_name": "VWan-RG",
            "subnet": [],
            "tags": {
              "deployment": "terraform",
              "environment": "vwan-demo"
            },
            "timeouts": null
          },
          "sensitive_attributes": [],
          "private": "eyJlMmJmYjczMC1lY2FhLTExZTYtOGY4OC0zNDM2M2JjN2M0YzAiOnsiY3JlYXRlIjoxODAwMDAwMDAwMDAwLCJkZWxldGUiOjE4MDAwMDAwMDAwMDAsInJlYWQiOjMwMDAwMDAwMDAwMCwidXBkYXRlIjoxODAwMDAwMDAwMDAwfX0="
        }
      ]
    },
    {
      "mode": "managed",
      "type": "azurerm_virtual_network",
      "name": "vnet-2",
      "provider": "provider[\"registry.terraform.io/hashicorp/azurerm\"]",
      "instances": [
        {
          "schema_version": 0,
          "attributes": {
            "address_space": [
              "172.17.4.0/22"
            ],
            "bgp_community": "",
            "ddos_protection_plan": [],
            "dns_servers": [],
            "edge_zone": "",
            "flow_timeout_in_minutes": 0,
            "guid": "b05c5798-b6e6-4b8b-8cd1-534bcd155a1e",
            "id": "/subscriptions/ed918697-1291-40f5-ab58-5278c9ab3f2e/resourceGroups/VWan-RG/providers/Microsoft.Network/virtualNetworks/vnet-2",
            "location": "northeurope",
            "name": "vnet-2",
            "resource_group_name": "VWan-RG",
            "subnet": [],
            "tags": {
              "deployment": "terraform",
              "environment": "vwan-demo"
            },
            "timeouts": null
          },
          "sensitive_attributes": [],
          "private": "eyJlMmJmYjczMC1lY2FhLTExZTYtOGY4OC0zNDM2M2JjN2M0YzAiOnsiY3JlYXRlIjoxODAwMDAwMDAwMDAwLCJkZWxldGUiOjE4MDAwMDAwMDAwMDAsInJlYWQiOjMwMDAwMDAwMDAwMCwidXBkYXRlIjoxODAwMDAwMDAwMDAwfX0="
        }
      ]
    },
    {
      "mode": "managed",
      "type": "azurerm_virtual_network",
      "name": "vnet-3",
      "provider": "provider[\"registry.terraform.io/hashicorp/azurerm\"]",
      "instances": [
        {
          "schema_version": 0,
          "attributes": {
            "address_space": [
              "172.17.8.0/22"
            ],
            "bgp_community": "",
            "ddos_protection_plan": [],
            "dns_servers": [],
            "edge_zone": "",
            "flow_timeout_in_minutes": 0,
            "guid": "ae46a4e2-ba96-4aff-96ce-c80ace10580c",
            "id": "/subscriptions/ed918697-1291-40f5-ab58-5278c9ab3f2e/resourceGroups/VWan-RG/providers/Microsoft.Network/virtualNetworks/vnet-3",
            "location": "northeurope",
            "name": "vnet-3",
            "resource_group_name": "VWan-RG",
            "subnet": [],
            "tags": {
              "deployment": "terraform",
              "environment": "vwan-demo"
            },
            "timeouts": null
          },
          "sensitive_attributes": [],
          "private": "eyJlMmJmYjczMC1lY2FhLTExZTYtOGY4OC0zNDM2M2JjN2M0YzAiOnsiY3JlYXRlIjoxODAwMDAwMDAwMDAwLCJkZWxldGUiOjE4MDAwMDAwMDAwMDAsInJlYWQiOjMwMDAwMDAwMDAwMCwidXBkYXRlIjoxODAwMDAwMDAwMDAwfX0="
        }
      ]
    },
    {
      "mode": "managed",
      "type": "azurerm_virtual_network",
      "name": "vnet-4",
      "provider": "provider[\"registry.terraform.io/hashicorp/azurerm\"]",
      "instances": [
        {
          "schema_version": 0,
          "attributes": {
            "address_space": [
              "172.17.252.0/22"
            ],
            "bgp_community": "",
            "ddos_protection_plan": [],
            "dns_servers": [],
            "edge_zone": "",
            "flow_timeout_in_minutes": 0,
            "guid": "7517b32b-ea98-4e51-af5e-90f06f1eab73",
            "id": "/subscriptions/ed918697-1291-40f5-ab58-5278c9ab3f2e/resourceGroups/VWan-RG/providers/Microsoft.Network/virtualNetworks/vnet-4",
            "location": "northeurope",
            "name": "vnet-4",
            "resource_group_name": "VWan-RG",
            "subnet": [],
            "tags": {
              "deployment": "terraform",
              "environment": "vwan-demo"
            },
            "timeouts": null
          },
          "sensitive_attributes": [],
          "private": "eyJlMmJmYjczMC1lY2FhLTExZTYtOGY4OC0zNDM2M2JjN2M0YzAiOnsiY3JlYXRlIjoxODAwMDAwMDAwMDAwLCJkZWxldGUiOjE4MDAwMDAwMDAwMDAsInJlYWQiOjMwMDAwMDAwMDAwMCwidXBkYXRlIjoxODAwMDAwMDAwMDAwfX0="
        }
      ]
    },
    {
      "mode": "managed",
      "type": "azurerm_virtual_network",
      "name": "vnet-isolated",
      "provider": "provider[\"registry.terraform.io/hashicorp/azurerm\"]",
      "instances": [
        {
          "schema_version": 0,
          "attributes": {
            "address_space": [
              "172.22.0.0/16"
            ],
            "bgp_community": "",
            "ddos_protection_plan": [],
            "dns_servers": [],
            "edge_zone": "",
            "flow_timeout_in_minutes": 0,
            "guid": "0ebc0847-9a61-402b-92c7-49a163fc418f",
            "id": "/subscriptions/ed918697-1291-40f5-ab58-5278c9ab3f2e/resourceGroups/VWan-RG/providers/Microsoft.Network/virtualNetworks/vnet-isolated",
            "location": "northeurope",
            "name": "vnet-isolated",
            "resource_group_name": "VWan-RG",
            "subnet": [],
            "tags": {
              "deployment": "terraform",
              "environment": "vwan-demo"
            },
            "timeouts": null
          },
          "sensitive_attributes": [],
          "private": "eyJlMmJmYjczMC1lY2FhLTExZTYtOGY4OC0zNDM2M2JjN2M0YzAiOnsiY3JlYXRlIjoxODAwMDAwMDAwMDAwLCJkZWxldGUiOjE4MDAwMDAwMDAwMDAsInJlYWQiOjMwMDAwMDAwMDAwMCwidXBkYXRlIjoxODAwMDAwMDAwMDAwfX0="
        }
      ]
    },
    {
      "mode": "managed",
      "type": "azurerm_virtual_network",
      "name": "vnet-shared",
      "provider": "provider[\"registry.terraform.io/hashicorp/azurerm\"]",
      "instances": [
        {
          "schema_version": 0,
          "attributes": {
            "address_space": [
              "172.21.0.0/16"
            ],
            "bgp_community": "",
            "ddos_protection_plan": [],
            "dns_servers": [],
            "edge_zone": "",
            "flow_timeout_in_minutes": 0,
            "guid": "16353bb5-d161-496a-b1d6-39b4d7fa4b16",
            "id": "/subscriptions/ed918697-1291-40f5-ab58-5278c9ab3f2e/resourceGroups/VWan-RG/providers/Microsoft.Network/virtualNetworks/vnet-shared",
            "location": "northeurope",
            "name": "vnet-shared",
            "resource_group_name": "VWan-RG",
            "subnet": [],
            "tags": {
              "deployment": "terraform",
              "environment": "vwan-demo"
            },
            "timeouts": null
          },
          "sensitive_attributes": [],
          "private": "eyJlMmJmYjczMC1lY2FhLTExZTYtOGY4OC0zNDM2M2JjN2M0YzAiOnsiY3JlYXRlIjoxODAwMDAwMDAwMDAwLCJkZWxldGUiOjE4MDAwMDAwMDAwMDAsInJlYWQiOjMwMDAwMDAwMDAwMCwidXBkYXRlIjoxODAwMDAwMDAwMDAwfX0="
        }
      ]
    },
    {
      "mode": "managed",
      "type": "azurerm_virtual_network_peering",
      "name": "peer-vnet-3-to-vnet-4",
      "provider": "provider[\"registry.terraform.io/hashicorp/azurerm\"]",
      "instances": [
        {
          "schema_version": 0,
          "attributes": {
            "allow_forwarded_traffic": false,
            "allow_gateway_transit": false,
            "allow_virtual_network_access": true,
            "id": "/subscriptions/ed918697-1291-40f5-ab58-5278c9ab3f2e/resourceGroups/VWan-RG/providers/Microsoft.Network/virtualNetworks/vnet-3/virtualNetworkPeerings/peer-vnet-3-to-vnet-4",
            "name": "peer-vnet-3-to-vnet-4",
            "remote_virtual_network_id": "/subscriptions/ed918697-1291-40f5-ab58-5278c9ab3f2e/resourceGroups/VWan-RG/providers/Microsoft.Network/virtualNetworks/vnet-4",
            "resource_group_name": "VWan-RG",
            "timeouts": null,
            "use_remote_gateways": false,
            "virtual_network_name": "vnet-3"
          },
          "sensitive_attributes": [],
          "private": "eyJlMmJmYjczMC1lY2FhLTExZTYtOGY4OC0zNDM2M2JjN2M0YzAiOnsiY3JlYXRlIjoxODAwMDAwMDAwMDAwLCJkZWxldGUiOjE4MDAwMDAwMDAwMDAsInJlYWQiOjMwMDAwMDAwMDAwMCwidXBkYXRlIjoxODAwMDAwMDAwMDAwfX0=",
          "dependencies": [
            "azurerm_virtual_network.vnet-3",
            "azurerm_virtual_network.vnet-4"
          ]
        }
      ]
    },
    {
      "mode": "managed",
      "type": "azurerm_virtual_network_peering",
      "name": "peer-vnet-4-to-vnet-3",
      "provider": "provider[\"registry.terraform.io/hashicorp/azurerm\"]",
      "instances": [
        {
          "schema_version": 0,
          "attributes": {
            "allow_forwarded_traffic": false,
            "allow_gateway_transit": false,
            "allow_virtual_network_access": true,
            "id": "/subscriptions/ed918697-1291-40f5-ab58-5278c9ab3f2e/resourceGroups/VWan-RG/providers/Microsoft.Network/virtualNetworks/vnet-4/virtualNetworkPeerings/peer-vnet-4-to-vnet-3",
            "name": "peer-vnet-4-to-vnet-3",
            "remote_virtual_network_id": "/subscriptions/ed918697-1291-40f5-ab58-5278c9ab3f2e/resourceGroups/VWan-RG/providers/Microsoft.Network/virtualNetworks/vnet-3",
            "resource_group_name": "VWan-RG",
            "timeouts": null,
            "use_remote_gateways": false,
            "virtual_network_name": "vnet-4"
          },
          "sensitive_attributes": [],
          "private": "eyJlMmJmYjczMC1lY2FhLTExZTYtOGY4OC0zNDM2M2JjN2M0YzAiOnsiY3JlYXRlIjoxODAwMDAwMDAwMDAwLCJkZWxldGUiOjE4MDAwMDAwMDAwMDAsInJlYWQiOjMwMDAwMDAwMDAwMCwidXBkYXRlIjoxODAwMDAwMDAwMDAwfX0=",
          "dependencies": [
            "azurerm_virtual_network.vnet-3",
            "azurerm_virtual_network.vnet-4"
          ]
        }
      ]
    },
    {
      "mode": "managed",
      "type": "azurerm_virtual_wan",
      "name": "vwan-demo",
      "provider": "provider[\"registry.terraform.io/hashicorp/azurerm\"]",
      "instances": [
        {
          "schema_version": 0,
          "attributes": {
            "allow_branch_to_branch_traffic": true,
            "disable_vpn_encryption": false,
            "id": "/subscriptions/ed918697-1291-40f5-ab58-5278c9ab3f2e/resourceGroups/VWan-RG/providers/Microsoft.Network/virtualWans/vwan",
            "location": "northeurope",
            "name": "vwan",
            "office365_local_breakout_category": "None",
            "resource_group_name": "VWan-RG",
            "tags": {
              "deployment": "terraform",
              "environment": "vwan-demo"
            },
            "timeouts": null,
            "type": "Standard"
          },
          "sensitive_attributes": [],
          "private": "eyJlMmJmYjczMC1lY2FhLTExZTYtOGY4OC0zNDM2M2JjN2M0YzAiOnsiY3JlYXRlIjoxODAwMDAwMDAwMDAwLCJkZWxldGUiOjE4MDAwMDAwMDAwMDAsInJlYWQiOjMwMDAwMDAwMDAwMCwidXBkYXRlIjoxODAwMDAwMDAwMDAwfX0="
        }
      ]
    },
    {
      "mode": "managed",
      "type": "azurerm_vpn_gateway",
      "name": "VPNGW-HUB-WestEurope",
      "provider": "provider[\"registry.terraform.io/hashicorp/azurerm\"]",
      "instances": [
        {
          "schema_version": 0,
          "attributes": {
            "bgp_route_translation_for_nat_enabled": false,
            "bgp_settings": [
              {
                "asn": 65515,
                "bgp_peering_address": "",
                "instance_0_bgp_peering_address": [
                  {
                    "custom_ips": [],
                    "default_ips": [
                      "10.0.0.12"
                    ],
                    "ip_configuration_id": "Instance0",
                    "tunnel_ips": [
                      "10.0.0.4",
                      "20.93.222.47"
                    ]
                  }
                ],
                "instance_1_bgp_peering_address": [
                  {
                    "custom_ips": [],
                    "default_ips": [
                      "10.0.0.13"
                    ],
                    "ip_configuration_id": "Instance1",
                    "tunnel_ips": [
                      "10.0.0.5",
                      "20.93.222.38"
                    ]
                  }
                ],
                "peer_weight": 0
              }
            ],
            "id": "/subscriptions/ed918697-1291-40f5-ab58-5278c9ab3f2e/resourceGroups/VWan-RG/providers/Microsoft.Network/vpnGateways/VPNGW-HUB-WestEurope",
            "location": "westeurope",
            "name": "VPNGW-HUB-WestEurope",
            "resource_group_name": "VWan-RG",
            "routing_preference": "Microsoft Network",
            "scale_unit": 1,
            "tags": {
              "deployment": "terraform",
              "environment": "vwan-demo"
            },
            "timeouts": null,
            "virtual_hub_id": "/subscriptions/ed918697-1291-40f5-ab58-5278c9ab3f2e/resourceGroups/VWan-RG/providers/Microsoft.Network/virtualHubs/HUB-WestEurope"
          },
          "sensitive_attributes": [],
          "private": "eyJlMmJmYjczMC1lY2FhLTExZTYtOGY4OC0zNDM2M2JjN2M0YzAiOnsiY3JlYXRlIjo1NDAwMDAwMDAwMDAwLCJkZWxldGUiOjU0MDAwMDAwMDAwMDAsInJlYWQiOjMwMDAwMDAwMDAwMCwidXBkYXRlIjo1NDAwMDAwMDAwMDAwfX0=",
          "dependencies": [
            "azurerm_virtual_hub.HUB-WestEurope",
            "azurerm_virtual_wan.vwan-demo"
          ]
        }
      ]
    }
  ]
}
